
Microsoft Visual Studio Solution File, Format Version 12.00
# Visual Studio Version 16
VisualStudioVersion = 16.0.28803.452
MinimumVisualStudioVersion = 10.0.40219.1
Project("{8BC9CEB8-8B4A-11D0-8D11-00A0C91BC942}") = "splineTest02", "splineTest02\splineTest02.vcxproj", "{12CFC95D-5C74-46D1-9ABF-ECA431101E7B}"
EndProject
Global
	GlobalSection(SolutionConfigurationPlatforms) = preSolution
		Debug|x64 = Debug|x64
		Debug|x86 = Debug|x86
		Release|x64 = Release|x64
		Release|x86 = Release|x86
	EndGlobalSection
	GlobalSection(ProjectConfigurationPlatforms) = postSolution
		{12CFC95D-5C74-46D1-9ABF-ECA431101E7B}.Debug|x64.ActiveCfg = Debug|x64
		{12CFC95D-5C74-46D1-9ABF-ECA431101E7B}.Debug|x64.Build.0 = Debug|x64
		{12CFC95D-5C74-46D1-9ABF-ECA431101E7B}.Debug|x86.ActiveCfg = Debug|Win32
		{12CFC95D-5C74-46D1-9ABF-ECA431101E7B}.Debug|x86.Build.0 = Debug|Win32
		{12CFC95D-5C74-46D1-9ABF-ECA431101E7B}.Release|x64.ActiveCfg = Release|x64
		{12CFC95D-5C74-46D1-9ABF-ECA431101E7B}.Release|x64.Build.0 = Release|x64
		{12CFC95D-5C74-46D1-9ABF-ECA431101E7B}.Release|x86.ActiveCfg = Release|Win32
		{12CFC95D-5C74-46D1-9ABF-ECA431101E7B}.Release|x86.Build.0 = Release|Win32
	EndGlobalSection
	GlobalSection(SolutionProperties) = preSolution
		HideSolutionNode = FALSE
	EndGlobalSection
	GlobalSection(ExtensibilityGlobals) = postSolution
		SolutionGuid = {925B9C3B-E3D5-4C84-BE28-FB20F2004D60}
	EndGlobalSection
EndGlobal
