
Microsoft Visual Studio Solution File, Format Version 12.00
# Visual Studio Version 16
VisualStudioVersion = 16.0.28803.452
MinimumVisualStudioVersion = 10.0.40219.1
Project("{8BC9CEB8-8B4A-11D0-8D11-00A0C91BC942}") = "Eric", "Eric\Eric.vcxproj", "{9F51168F-E53E-4626-B76C-B356286E8581}"
EndProject
Global
	GlobalSection(SolutionConfigurationPlatforms) = preSolution
		Debug|x64 = Debug|x64
		Debug|x86 = Debug|x86
		Release|x64 = Release|x64
		Release|x86 = Release|x86
	EndGlobalSection
	GlobalSection(ProjectConfigurationPlatforms) = postSolution
		{9F51168F-E53E-4626-B76C-B356286E8581}.Debug|x64.ActiveCfg = Debug|x64
		{9F51168F-E53E-4626-B76C-B356286E8581}.Debug|x64.Build.0 = Debug|x64
		{9F51168F-E53E-4626-B76C-B356286E8581}.Debug|x86.ActiveCfg = Debug|Win32
		{9F51168F-E53E-4626-B76C-B356286E8581}.Debug|x86.Build.0 = Debug|Win32
		{9F51168F-E53E-4626-B76C-B356286E8581}.Release|x64.ActiveCfg = Release|x64
		{9F51168F-E53E-4626-B76C-B356286E8581}.Release|x64.Build.0 = Release|x64
		{9F51168F-E53E-4626-B76C-B356286E8581}.Release|x86.ActiveCfg = Release|Win32
		{9F51168F-E53E-4626-B76C-B356286E8581}.Release|x86.Build.0 = Release|Win32
	EndGlobalSection
	GlobalSection(SolutionProperties) = preSolution
		HideSolutionNode = FALSE
	EndGlobalSection
	GlobalSection(ExtensibilityGlobals) = postSolution
		SolutionGuid = {31BC125E-7515-4B31-81F0-379D5E31EEAD}
	EndGlobalSection
EndGlobal
