
Microsoft Visual Studio Solution File, Format Version 12.00
# Visual Studio 15
VisualStudioVersion = 15.0.28307.168
MinimumVisualStudioVersion = 10.0.40219.1
Project("{8BC9CEB8-8B4A-11D0-8D11-00A0C91BC942}") = "ShootsAndLadders", "ShootsAndLadders\ShootsAndLadders.vcxproj", "{B62247D5-C694-4154-B92A-227BB8E0ADDA}"
EndProject
Global
	GlobalSection(SolutionConfigurationPlatforms) = preSolution
		Debug|x64 = Debug|x64
		Debug|x86 = Debug|x86
		Release|x64 = Release|x64
		Release|x86 = Release|x86
	EndGlobalSection
	GlobalSection(ProjectConfigurationPlatforms) = postSolution
		{B62247D5-C694-4154-B92A-227BB8E0ADDA}.Debug|x64.ActiveCfg = Debug|x64
		{B62247D5-C694-4154-B92A-227BB8E0ADDA}.Debug|x64.Build.0 = Debug|x64
		{B62247D5-C694-4154-B92A-227BB8E0ADDA}.Debug|x86.ActiveCfg = Debug|Win32
		{B62247D5-C694-4154-B92A-227BB8E0ADDA}.Debug|x86.Build.0 = Debug|Win32
		{B62247D5-C694-4154-B92A-227BB8E0ADDA}.Release|x64.ActiveCfg = Release|x64
		{B62247D5-C694-4154-B92A-227BB8E0ADDA}.Release|x64.Build.0 = Release|x64
		{B62247D5-C694-4154-B92A-227BB8E0ADDA}.Release|x86.ActiveCfg = Release|Win32
		{B62247D5-C694-4154-B92A-227BB8E0ADDA}.Release|x86.Build.0 = Release|Win32
	EndGlobalSection
	GlobalSection(SolutionProperties) = preSolution
		HideSolutionNode = FALSE
	EndGlobalSection
	GlobalSection(ExtensibilityGlobals) = postSolution
		SolutionGuid = {190954C7-D1DF-4E09-86CD-17C90F263E88}
	EndGlobalSection
EndGlobal
